
Microsoft Visual Studio Solution File, Format Version 12.00
# Visual Studio 2015
Project("{FAE04EC0-301F-11D3-BF4B-00C04F79EFBC}") = "TryUnity.CSharp", "TryUnity.CSharp.csproj", "{009C5E56-E167-AED6-EC23-D7DAF792BA48}"
EndProject
Global
	GlobalSection(SolutionConfigurationPlatforms) = preSolution
		Debug|Any CPU = Debug|Any CPU
		Release|Any CPU = Release|Any CPU
	EndGlobalSection
	GlobalSection(ProjectConfigurationPlatforms) = postSolution
		{009C5E56-E167-AED6-EC23-D7DAF792BA48}.Debug|Any CPU.ActiveCfg = Debug|Any CPU
		{009C5E56-E167-AED6-EC23-D7DAF792BA48}.Debug|Any CPU.Build.0 = Debug|Any CPU
		{009C5E56-E167-AED6-EC23-D7DAF792BA48}.Release|Any CPU.ActiveCfg = Release|Any CPU
		{009C5E56-E167-AED6-EC23-D7DAF792BA48}.Release|Any CPU.Build.0 = Release|Any CPU
	EndGlobalSection
	GlobalSection(SolutionProperties) = preSolution
		HideSolutionNode = FALSE
	EndGlobalSection
EndGlobal
